// !$*UTF8*$!
{
	archiveVersion = 1;
	classes = {
	};
	objectVersion = 77;
	objects = {

/* Begin PBXContainerItemProxy section */
		048A8F542F61EDE8001055BB /* PBXContainerItemProxy */ = {
			isa = PBXContainerItemProxy;
			containerPortal = 048A8F3E2F61EDE5001055BB /* Project object */;
			proxyType = 1;
			remoteGlobalIDString = 048A8F452F61EDE5001055BB;
			remoteInfo = "swift-todo-app";
		};
		048A8F5E2F61EDE8001055BB /* PBXContainerItemProxy */ = {
			isa = PBXContainerItemProxy;
			containerPortal = 048A8F3E2F61EDE5001055BB /* Project object */;
			proxyType = 1;
			remoteGlobalIDString = 048A8F452F61EDE5001055BB;
			remoteInfo = "swift-todo-app";
		};
/* End PBXContainerItemProxy section */

/* Begin PBXFileReference section */
		048A8F462F61EDE5001055BB /* swift-todo-app.app */ = {isa = PBXFileReference; explicitFileType = wrapper.application; includeInIndex = 0; path = "swift-todo-app.app"; sourceTree = BUILT_PRODUCTS_DIR; };
		048A8F532F61EDE8001055BB /* swift-todo-appTests.xctest */ = {isa = PBXFileReference; explicitFileType = wrapper.cfbundle; includeInIndex = 0; path = "swift-todo-appTests.xctest"; sourceTree = BUILT_PRODUCTS_DIR; };
		048A8F5D2F61EDE8001055BB /* swift-todo-appUITests.xctest */ = {isa = PBXFileReference; explicitFileType = wrapper.cfbundle; includeInIndex = 0; path = "swift-todo-appUITests.xctest"; sourceTree = BUILT_PRODUCTS_DIR; };
/* End PBXFileReference section */

/* Begin PBXFileSystemSynchronizedRootGroup section */
		048A8F482F61EDE5001055BB /* swift-todo-app */ = {
			isa = PBXFileSystemSynchronizedRootGroup;
			path = "swift-todo-app";
			sourceTree = "<group>";
		};
		048A8F562F61EDE8001055BB /* swift-todo-appTests */ = {
			isa = PBXFileSystemSynchronizedRootGroup;
			path = "swift-todo-appTests";
			sourceTree = "<group>";
		};
		048A8F602F61EDE8001055BB /* swift-todo-appUITests */ = {
			isa = PBXFileSystemSynchronizedRootGroup;
			path = "swift-todo-appUITests";
			sourceTree = "<group>";
		};
/* End PBXFileSystemSynchronizedRootGroup section */

/* Begin PBXFrameworksBuildPhase section */
		048A8F432F61EDE5001055BB /* Frameworks */ = {
			isa = PBXFrameworksBuildPhase;
			buildActionMask = 2147483647;
			files = (
			);
			runOnlyForDeploymentPostprocessing = 0;
		};
		048A8F502F61EDE8001055BB /* Frameworks */ = {
			isa = PBXFrameworksBuildPhase;
			buildActionMask = 2147483647;
			files = (
			);
			runOnlyForDeploymentPostprocessing = 0;
		};
		048A8F5A2F61EDE8001055BB /* Frameworks */ = {
			isa = PBXFrameworksBuildPhase;
			buildActionMask = 2147483647;
			files = (
			);
			runOnlyForDeploymentPostprocessing = 0;
		};
/* End PBXFrameworksBuildPhase section */

/* Begin PBXGroup section */
		048A8F3D2F61EDE5001055BB = {
			isa = PBXGroup;
			children = (
				048A8F482F61EDE5001055BB /* swift-todo-app */,
				048A8F562F61EDE8001055BB /* swift-todo-appTests */,
				048A8F602F61EDE8001055BB /* swift-todo-appUITests */,
				048A8F472F61EDE5001055BB /* Products */,
			);
			sourceTree = "<group>";
		};
		048A8F472F61EDE5001055BB /* Products */ = {
			isa = PBXGroup;
			children = (
				048A8F462F61EDE5001055BB /* swift-todo-app.app */,
				048A8F532F61EDE8001055BB /* swift-todo-appTests.xctest */,
				048A8F5D2F61EDE8001055BB /* swift-todo-appUITests.xctest */,
			);
			name = Products;
			sourceTree = "<group>";
		};
/* End PBXGroup section */

/* Begin PBXNativeTarget section */
		048A8F452F61EDE5001055BB /* swift-todo-app */ = {
			isa = PBXNativeTarget;
			buildConfigurationList = 048A8F672F61EDE8001055BB /* Build configuration list for PBXNativeTarget "swift-todo-app" */;
			buildPhases = (
				048A8F422F61EDE5001055BB /* Sources */,
				048A8F432F61EDE5001055BB /* Frameworks */,
				048A8F442F61EDE5001055BB /* Resources */,
			);
			buildRules = (
			);
			dependencies = (
			);
			fileSystemSynchronizedGroups = (
				048A8F482F61EDE5001055BB /* swift-todo-app */,
			);
			name = "swift-todo-app";
			packageProductDependencies = (
			);
			productName = "swift-todo-app";
			productReference = 048A8F462F61EDE5001055BB /* swift-todo-app.app */;
			productType = "com.apple.product-type.application";
		};
		048A8F522F61EDE8001055BB /* swift-todo-appTests */ = {
			isa = PBXNativeTarget;
			buildConfigurationList = 048A8F6A2F61EDE8001055BB /* Build configuration list for PBXNativeTarget "swift-todo-appTests" */;
			buildPhases = (
				048A8F4F2F61EDE8001055BB /* Sources */,
				048A8F502F61EDE8001055BB /* Frameworks */,
				048A8F512F61EDE8001055BB /* Resources */,
			);
			buildRules = (
			);
			dependencies = (
				048A8F552F61EDE8001055BB /* PBXTargetDependency */,
			);
			fileSystemSynchronizedGroups = (
				048A8F562F61EDE8001055BB /* swift-todo-appTests */,
			);
			name = "swift-todo-appTests";
			packageProductDependencies = (
			);
			productName = "swift-todo-appTests";
			productReference = 048A8F532F61EDE8001055BB /* swift-todo-appTests.xctest */;
			productType = "com.apple.product-type.bundle.unit-test";
		};
		048A8F5C2F61EDE8001055BB /* swift-todo-appUITests */ = {
			isa = PBXNativeTarget;
			buildConfigurationList = 048A8F6D2F61EDE8001055BB /* Build configuration list for PBXNativeTarget "swift-todo-appUITests" */;
			buildPhases = (
				048A8F592F61EDE8001055BB /* Sources */,
				048A8F5A2F61EDE8001055BB /* Frameworks */,
				048A8F5B2F61EDE8001055BB /* Resources */,
			);
			buildRules = (
			);
			dependencies = (
				048A8F5F2F61EDE8001055BB /* PBXTargetDependency */,
			);
			fileSystemSynchronizedGroups = (
				048A8F602F61EDE8001055BB /* swift-todo-appUITests */,
			);
			name = "swift-todo-appUITests";
			packageProductDependencies = (
			);
			productName = "swift-todo-appUITests";
			productReference = 048A8F5D2F61EDE8001055BB /* swift-todo-appUITests.xctest */;
			productType = "com.apple.product-type.bundle.ui-testing";
		};
/* End PBXNativeTarget section */

/* Begin PBXProject section */
		048A8F3E2F61EDE5001055BB /* Project object */ = {
			isa = PBXProject;
			attributes = {
				BuildIndependentTargetsInParallel = 1;
				LastSwiftUpdateCheck = 1640;
				LastUpgradeCheck = 1640;
				TargetAttributes = {
					048A8F452F61EDE5001055BB = {
						CreatedOnToolsVersion = 16.4;
					};
					048A8F522F61EDE8001055BB = {
						CreatedOnToolsVersion = 16.4;
						TestTargetID = 048A8F452F61EDE5001055BB;
					};
					048A8F5C2F61EDE8001055BB = {
						CreatedOnToolsVersion = 16.4;
						TestTargetID = 048A8F452F61EDE5001055BB;
					};
				};
			};
			buildConfigurationList = 048A8F412F61EDE5001055BB /* Build configuration list for PBXProject "swift-todo-app" */;
			developmentRegion = en;
			hasScannedForEncodings = 0;
			knownRegions = (
				en,
				Base,
			);
			mainGroup = 048A8F3D2F61EDE5001055BB;
			minimizedProjectReferenceProxies = 1;
			preferredProjectObjectVersion = 77;
			productRefGroup = 048A8F472F61EDE5001055BB /* Products */;
			projectDirPath = "";
			projectRoot = "";
			targets = (
				048A8F452F61EDE5001055BB /* swift-todo-app */,
				048A8F522F61EDE8001055BB /* swift-todo-appTests */,
				048A8F5C2F61EDE8001055BB /* swift-todo-appUITests */,
			);
		};
/* End PBXProject section */

/* Begin PBXResourcesBuildPhase section */
		048A8F442F61EDE5001055BB /* Resources */ = {
			isa = PBXResourcesBuildPhase;
			buildActionMask = 2147483647;
			files = (
			);
			runOnlyForDeploymentPostprocessing = 0;
		};
		048A8F512F61EDE8001055BB /* Resources */ = {
			isa = PBXResourcesBuildPhase;
			buildActionMask = 2147483647;
			files = (
			);
			runOnlyForDeploymentPostprocessing = 0;
		};
		048A8F5B2F61EDE8001055BB /* Resources */ = {
			isa = PBXResourcesBuildPhase;
			buildActionMask = 2147483647;
			files = (
			);
			runOnlyForDeploymentPostprocessing = 0;
		};
/* End PBXResourcesBuildPhase section */

/* Begin PBXSourcesBuildPhase section */
		048A8F422F61EDE5001055BB /* Sources */ = {
			isa = PBXSourcesBuildPhase;
			buildActionMask = 2147483647;
			files = (
			);
			runOnlyForDeploymentPostprocessing = 0;
		};
		048A8F4F2F61EDE8001055BB /* Sources */ = {
			isa = PBXSourcesBuildPhase;
			buildActionMask = 2147483647;
			files = (
			);
			runOnlyForDeploymentPostprocessing = 0;
		};
		048A8F592F61EDE8001055BB /* Sources */ = {
			isa = PBXSourcesBuildPhase;
			buildActionMask = 2147483647;
			files = (
			);
			runOnlyForDeploymentPostprocessing = 0;
		};
/* End PBXSourcesBuildPhase section */

/* Begin PBXTargetDependency section */
		048A8F552F61EDE8001055BB /* PBXTargetDependency */ = {
			isa = PBXTargetDependency;
			target = 048A8F452F61EDE5001055BB /* swift-todo-app */;
			targetProxy = 048A8F542F61EDE8001055BB /* PBXContainerItemProxy */;
		};
		048A8F5F2F61EDE8001055BB /* PBXTargetDependency */ = {
			isa = PBXTargetDependency;
			target = 048A8F452F61EDE5001055BB /* swift-todo-app */;
			targetProxy = 048A8F5E2F61EDE8001055BB /* PBXContainerItemProxy */;
		};
/* End PBXTargetDependency section */

/* Begin XCBuildConfiguration section */
		048A8F652F61EDE8001055BB /* Debug */ = {
			isa = XCBuildConfiguration;
			buildSettings = {
				ALWAYS_SEARCH_USER_PATHS = NO;
				ASSETCATALOG_COMPILER_GENERATE_SWIFT_ASSET_SYMBOL_EXTENSIONS = YES;
				CLANG_ANALYZER_NONNULL = YES;
				CLANG_ANALYZER_NUMBER_OBJECT_CONVERSION = YES_AGGRESSIVE;
				CLANG_CXX_LANGUAGE_STANDARD = "gnu++20";
				CLANG_ENABLE_MODULES = YES;
				CLANG_ENABLE_OBJC_ARC = YES;
				CLANG_ENABLE_OBJC_WEAK = YES;
				CLANG_WARN_BLOCK_CAPTURE_AUTORELEASING = YES;
				CLANG_WARN_BOOL_CONVERSION = YES;
				CLANG_WARN_COMMA = YES;
				CLANG_WARN_CONSTANT_CONVERSION = YES;
				CLANG_WARN_DEPRECATED_OBJC_IMPLEMENTATIONS = YES;
				CLANG_WARN_DIRECT_OBJC_ISA_USAGE = YES_ERROR;
				CLANG_WARN_DOCUMENTATION_COMMENTS = YES;
				CLANG_WARN_EMPTY_BODY = YES;
				CLANG_WARN_ENUM_CONVERSION = YES;
				CLANG_WARN_INFINITE_RECURSION = YES;
				CLANG_WARN_INT_CONVERSION = YES;
				CLANG_WARN_NON_LITERAL_NULL_CONVERSION = YES;
				CLANG_WARN_OBJC_IMPLICIT_RETAIN_SELF = YES;
				CLANG_WARN_OBJC_LITERAL_CONVERSION = YES;
				CLANG_WARN_OBJC_ROOT_CLASS = YES_ERROR;
				CLANG_WARN_QUOTED_INCLUDE_IN_FRAMEWORK_HEADER = YES;
				CLANG_WARN_RANGE_LOOP_ANALYSIS = YES;
				CLANG_WARN_STRICT_PROTOTYPES = YES;
				CLANG_WARN_SUSPICIOUS_MOVE = YES;
				CLANG_WARN_UNGUARDED_AVAILABILITY = YES_AGGRESSIVE;
				CLANG_WARN_UNREACHABLE_CODE = YES;
				CLANG_WARN__DUPLICATE_METHOD_MATCH = YES;
				COPY_PHASE_STRIP = NO;
				DEBUG_INFORMATION_FORMAT = dwarf;
				ENABLE_STRICT_OBJC_MSGSEND = YES;
				ENABLE_TESTABILITY = YES;
				ENABLE_USER_SCRIPT_SANDBOXING = YES;
				GCC_C_LANGUAGE_STANDARD = gnu17;
				GCC_DYNAMIC_NO_PIC = NO;
				GCC_NO_COMMON_BLOCKS = YES;
				GCC_OPTIMIZATION_LEVEL = 0;
				GCC_PREPROCESSOR_DEFINITIONS = (
					"DEBUG=1",
					"$(inherited)",
				);
				GCC_WARN_64_TO_32_BIT_CONVERSION = YES;
				GCC_WARN_ABOUT_RETURN_TYPE = YES_ERROR;
				GCC_WARN_UNDECLARED_SELECTOR = YES;
				GCC_WARN_UNINITIALIZED_AUTOS = YES_AGGRESSIVE;
				GCC_WARN_UNUSED_FUNCTION = YES;
				GCC_WARN_UNUSED_VARIABLE = YES;
				IPHONEOS_DEPLOYMENT_TARGET = 18.5;
				LOCALIZATION_PREFERS_STRING_CATALOGS = YES;
				MTL_ENABLE_DEBUG_INFO = INCLUDE_SOURCE;
				MTL_FAST_MATH = YES;
				ONLY_ACTIVE_ARCH = YES;
				SDKROOT = iphoneos;
				SWIFT_ACTIVE_COMPILATION_CONDITIONS = "DEBUG $(inherited)";
				SWIFT_OPTIMIZATION_LEVEL = "-Onone";
			};
			name = Debug;
		};
		048A8F662F61EDE8001055BB /* Release */ = {
			isa = XCBuildConfiguration;
			buildSettings = {
				ALWAYS_SEARCH_USER_PATHS = NO;
				ASSETCATALOG_COMPILER_GENERATE_SWIFT_ASSET_SYMBOL_EXTENSIONS = YES;
				CLANG_ANALYZER_NONNULL = YES;
				CLANG_ANALYZER_NUMBER_OBJECT_CONVERSION = YES_AGGRESSIVE;
				CLANG_CXX_LANGUAGE_STANDARD = "gnu++20";
				CLANG_ENABLE_MODULES = YES;
				CLANG_ENABLE_OBJC_ARC = YES;
				CLANG_ENABLE_OBJC_WEAK = YES;
				CLANG_WARN_BLOCK_CAPTURE_AUTORELEASING = YES;
				CLANG_WARN_BOOL_CONVERSION = YES;
				CLANG_WARN_COMMA = YES;
				CLANG_WARN_CONSTANT_CONVERSION = YES;
				CLANG_WARN_DEPRECATED_OBJC_IMPLEMENTATIONS = YES;
				CLANG_WARN_DIRECT_OBJC_ISA_USAGE = YES_ERROR;
				CLANG_WARN_DOCUMENTATION_COMMENTS = YES;
				CLANG_WARN_EMPTY_BODY = YES;
				CLANG_WARN_ENUM_CONVERSION = YES;
				CLANG_WARN_INFINITE_RECURSION = YES;
				CLANG_WARN_INT_CONVERSION = YES;
				CLANG_WARN_NON_LITERAL_NULL_CONVERSION = YES;
				CLANG_WARN_OBJC_IMPLICIT_RETAIN_SELF = YES;
				CLANG_WARN_OBJC_LITERAL_CONVERSION = YES;
				CLANG_WARN_OBJC_ROOT_CLASS = YES_ERROR;
				CLANG_WARN_QUOTED_INCLUDE_IN_FRAMEWORK_HEADER = YES;
				CLANG_WARN_RANGE_LOOP_ANALYSIS = YES;
				CLANG_WARN_STRICT_PROTOTYPES = YES;
				CLANG_WARN_SUSPICIOUS_MOVE = YES;
				CLANG_WARN_UNGUARDED_AVAILABILITY = YES_AGGRESSIVE;
				CLANG_WARN_UNREACHABLE_CODE = YES;
				CLANG_WARN__DUPLICATE_METHOD_MATCH = YES;
				COPY_PHASE_STRIP = NO;
				DEBUG_INFORMATION_FORMAT = "dwarf-with-dsym";
				ENABLE_NS_ASSERTIONS = NO;
				ENABLE_STRICT_OBJC_MSGSEND = YES;
				ENABLE_USER_SCRIPT_SANDBOXING = YES;
				GCC_C_LANGUAGE_STANDARD = gnu17;
				GCC_NO_COMMON_BLOCKS = YES;
				GCC_WARN_64_TO_32_BIT_CONVERSION = YES;
				GCC_WARN_ABOUT_RETURN_TYPE = YES_ERROR;
				GCC_WARN_UNDECLARED_SELECTOR = YES;
				GCC_WARN_UNINITIALIZED_AUTOS = YES_AGGRESSIVE;
				GCC_WARN_UNUSED_FUNCTION = YES;
				GCC_WARN_UNUSED_VARIABLE = YES;
				IPHONEOS_DEPLOYMENT_TARGET = 18.5;
				LOCALIZATION_PREFERS_STRING_CATALOGS = YES;
				MTL_ENABLE_DEBUG_INFO = NO;
				MTL_FAST_MATH = YES;
				SDKROOT = iphoneos;
				SWIFT_COMPILATION_MODE = wholemodule;
				VALIDATE_PRODUCT = YES;
			};
			name = Release;
		};
		048A8F682F61EDE8001055BB /* Debug */ = {
			isa = XCBuildConfiguration;
			buildSettings = {
				ASSETCATALOG_COMPILER_APPICON_NAME = AppIcon;
				ASSETCATALOG_COMPILER_GLOBAL_ACCENT_COLOR_NAME = AccentColor;
				CODE_SIGN_STYLE = Automatic;
				CURRENT_PROJECT_VERSION = 1;
				ENABLE_PREVIEWS = YES;
				GENERATE_INFOPLIST_FILE = YES;
				INFOPLIST_KEY_UIApplicationSceneManifest_Generation = YES;
				INFOPLIST_KEY_UIApplicationSupportsIndirectInputEvents = YES;
				INFOPLIST_KEY_UILaunchScreen_Generation = YES;
				INFOPLIST_KEY_UISupportedInterfaceOrientations_iPad = "UIInterfaceOrientationPortrait UIInterfaceOrientationPortraitUpsideDown UIInterfaceOrientationLandscapeLeft UIInterfaceOrientationLandscapeRight";
				INFOPLIST_KEY_UISupportedInterfaceOrientations_iPhone = "UIInterfaceOrientationPortrait UIInterfaceOrientationLandscapeLeft UIInterfaceOrientationLandscapeRight";
				LD_RUNPATH_SEARCH_PATHS = (
					"$(inherited)",
					"@executable_path/Frameworks",
				);
				MARKETING_VERSION = 1.0;
				PRODUCT_BUNDLE_IDENTIFIER = "emt.swift-todo-app";
				PRODUCT_NAME = "$(TARGET_NAME)";
				SWIFT_EMIT_LOC_STRINGS = YES;
				SWIFT_VERSION = 5.0;
				TARGETED_DEVICE_FAMILY = "1,2";
			};
			name = Debug;
		};
		048A8F692F61EDE8001055BB /* Release */ = {
			isa = XCBuildConfiguration;
			buildSettings = {
				ASSETCATALOG_COMPILER_APPICON_NAME = AppIcon;
				ASSETCATALOG_COMPILER_GLOBAL_ACCENT_COLOR_NAME = AccentColor;
				CODE_SIGN_STYLE = Automatic;
				CURRENT_PROJECT_VERSION = 1;
				ENABLE_PREVIEWS = YES;
				GENERATE_INFOPLIST_FILE = YES;
				INFOPLIST_KEY_UIApplicationSceneManifest_Generation = YES;
				INFOPLIST_KEY_UIApplicationSupportsIndirectInputEvents = YES;
				INFOPLIST_KEY_UILaunchScreen_Generation = YES;
				INFOPLIST_KEY_UISupportedInterfaceOrientations_iPad = "UIInterfaceOrientationPortrait UIInterfaceOrientationPortraitUpsideDown UIInterfaceOrientationLandscapeLeft UIInterfaceOrientationLandscapeRight";
				INFOPLIST_KEY_UISupportedInterfaceOrientations_iPhone = "UIInterfaceOrientationPortrait UIInterfaceOrientationLandscapeLeft UIInterfaceOrientationLandscapeRight";
				LD_RUNPATH_SEARCH_PATHS = (
					"$(inherited)",
					"@executable_path/Frameworks",
				);
				MARKETING_VERSION = 1.0;
				PRODUCT_BUNDLE_IDENTIFIER = "emt.swift-todo-app";
				PRODUCT_NAME = "$(TARGET_NAME)";
				SWIFT_EMIT_LOC_STRINGS = YES;
				SWIFT_VERSION = 5.0;
				TARGETED_DEVICE_FAMILY = "1,2";
			};
			name = Release;
		};
		048A8F6B2F61EDE8001055BB /* Debug */ = {
			isa = XCBuildConfiguration;
			buildSettings = {
				BUNDLE_LOADER = "$(TEST_HOST)";
				CODE_SIGN_STYLE = Automatic;
				CURRENT_PROJECT_VERSION = 1;
				GENERATE_INFOPLIST_FILE = YES;
				IPHONEOS_DEPLOYMENT_TARGET = 18.5;
				MARKETING_VERSION = 1.0;
				PRODUCT_BUNDLE_IDENTIFIER = "emt.swift-todo-appTests";
				PRODUCT_NAME = "$(TARGET_NAME)";
				SWIFT_EMIT_LOC_STRINGS = NO;
				SWIFT_VERSION = 5.0;
				TARGETED_DEVICE_FAMILY = "1,2";
				TEST_HOST = "$(BUILT_PRODUCTS_DIR)/swift-todo-app.app/$(BUNDLE_EXECUTABLE_FOLDER_PATH)/swift-todo-app";
			};
			name = Debug;
		};
		048A8F6C2F61EDE8001055BB /* Release */ = {
			isa = XCBuildConfiguration;
			buildSettings = {
				BUNDLE_LOADER = "$(TEST_HOST)";
				CODE_SIGN_STYLE = Automatic;
				CURRENT_PROJECT_VERSION = 1;
				GENERATE_INFOPLIST_FILE = YES;
				IPHONEOS_DEPLOYMENT_TARGET = 18.5;
				MARKETING_VERSION = 1.0;
				PRODUCT_BUNDLE_IDENTIFIER = "emt.swift-todo-appTests";
				PRODUCT_NAME = "$(TARGET_NAME)";
				SWIFT_EMIT_LOC_STRINGS = NO;
				SWIFT_VERSION = 5.0;
				TARGETED_DEVICE_FAMILY = "1,2";
				TEST_HOST = "$(BUILT_PRODUCTS_DIR)/swift-todo-app.app/$(BUNDLE_EXECUTABLE_FOLDER_PATH)/swift-todo-app";
			};
			name = Release;
		};
		048A8F6E2F61EDE8001055BB /* Debug */ = {
			isa = XCBuildConfiguration;
			buildSettings = {
				CODE_SIGN_STYLE = Automatic;
				CURRENT_PROJECT_VERSION = 1;
				GENERATE_INFOPLIST_FILE = YES;
				MARKETING_VERSION = 1.0;
				PRODUCT_BUNDLE_IDENTIFIER = "emt.swift-todo-appUITests";
				PRODUCT_NAME = "$(TARGET_NAME)";
				SWIFT_EMIT_LOC_STRINGS = NO;
				SWIFT_VERSION = 5.0;
				TARGETED_DEVICE_FAMILY = "1,2";
				TEST_TARGET_NAME = "swift-todo-app";
			};
			name = Debug;
		};
		048A8F6F2F61EDE8001055BB /* Release */ = {
			isa = XCBuildConfiguration;
			buildSettings = {
				CODE_SIGN_STYLE = Automatic;
				CURRENT_PROJECT_VERSION = 1;
				GENERATE_INFOPLIST_FILE = YES;
				MARKETING_VERSION = 1.0;
				PRODUCT_BUNDLE_IDENTIFIER = "emt.swift-todo-appUITests";
				PRODUCT_NAME = "$(TARGET_NAME)";
				SWIFT_EMIT_LOC_STRINGS = NO;
				SWIFT_VERSION = 5.0;
				TARGETED_DEVICE_FAMILY = "1,2";
				TEST_TARGET_NAME = "swift-todo-app";
			};
			name = Release;
		};
/* End XCBuildConfiguration section */

/* Begin XCConfigurationList section */
		048A8F412F61EDE5001055BB /* Build configuration list for PBXProject "swift-todo-app" */ = {
			isa = XCConfigurationList;
			buildConfigurations = (
				048A8F652F61EDE8001055BB /* Debug */,
				048A8F662F61EDE8001055BB /* Release */,
			);
			defaultConfigurationIsVisible = 0;
			defaultConfigurationName = Release;
		};
		048A8F672F61EDE8001055BB /* Build configuration list for PBXNativeTarget "swift-todo-app" */ = {
			isa = XCConfigurationList;
			buildConfigurations = (
				048A8F682F61EDE8001055BB /* Debug */,
				048A8F692F61EDE8001055BB /* Release */,
			);
			defaultConfigurationIsVisible = 0;
			defaultConfigurationName = Release;
		};
		048A8F6A2F61EDE8001055BB /* Build configuration list for PBXNativeTarget "swift-todo-appTests" */ = {
			isa = XCConfigurationList;
			buildConfigurations = (
				048A8F6B2F61EDE8001055BB /* Debug */,
				048A8F6C2F61EDE8001055BB /* Release */,
			);
			defaultConfigurationIsVisible = 0;
			defaultConfigurationName = Release;
		};
		048A8F6D2F61EDE8001055BB /* Build configuration list for PBXNativeTarget "swift-todo-appUITests" */ = {
			isa = XCConfigurationList;
			buildConfigurations = (
				048A8F6E2F61EDE8001055BB /* Debug */,
				048A8F6F2F61EDE8001055BB /* Release */,
			);
			defaultConfigurationIsVisible = 0;
			defaultConfigurationName = Release;
		};
/* End XCConfigurationList section */
	};
	rootObject = 048A8F3E2F61EDE5001055BB /* Project object */;
}
